{
  "name": "migrate-isomer-next",
  "version": "1.0.0",
  "lockfileVersion": 3,
  "requires": true,
  "packages": {
    "": {
      "name": "migrate-isomer-next",
      "version": "1.0.0",
      "license": "ISC",
      "dependencies": {
        "@tiptap/core": "^2.4.0",
        "@tiptap/extension-bold": "^2.4.0",
        "@tiptap/extension-bullet-list": "^2.4.0",
        "@tiptap/extension-document": "^2.4.0",
        "@tiptap/extension-dropcursor": "^2.4.0",
        "@tiptap/extension-gapcursor": "^2.4.0",
        "@tiptap/extension-hard-break": "^2.4.0",
        "@tiptap/extension-heading": "^2.4.0",
        "@tiptap/extension-history": "^2.4.0",
        "@tiptap/extension-horizontal-rule": "^2.4.0",
        "@tiptap/extension-image": "^2.4.0",
        "@tiptap/extension-italic": "^2.4.0",
        "@tiptap/extension-link": "^2.4.0",
        "@tiptap/extension-list-item": "^2.4.0",
        "@tiptap/extension-ordered-list": "^2.4.0",
        "@tiptap/extension-paragraph": "^2.4.0",
        "@tiptap/extension-strike": "^2.4.0",
        "@tiptap/extension-subscript": "^2.4.0",
        "@tiptap/extension-superscript": "^2.4.0",
        "@tiptap/extension-table": "^2.4.0",
        "@tiptap/extension-table-cell": "^2.4.0",
        "@tiptap/extension-table-header": "^2.4.0",
        "@tiptap/extension-table-row": "^2.4.0",
        "@tiptap/extension-text": "^2.4.0",
        "@tiptap/extension-underline": "^2.4.0",
        "@tiptap/html": "^2.4.0",
        "fast-xml-parser": "^4.4.0",
        "jsdom": "^24.1.0",
        "papaparse": "^5.4.1"
      }
    },
    "node_modules/@remirror/core-constants": {
      "version": "2.0.2",
      "resolved": "https://registry.npmjs.org/@remirror/core-constants/-/core-constants-2.0.2.tgz",
      "integrity": "sha512-dyHY+sMF0ihPus3O27ODd4+agdHMEmuRdyiZJ2CCWjPV5UFmn17ZbElvk6WOGVE4rdCJKZQCrPV2BcikOMLUGQ==",
      "peer": true
    },
    "node_modules/@tiptap/core": {
      "version": "2.4.0",
      "resolved": "https://registry.npmjs.org/@tiptap/core/-/core-2.4.0.tgz",
      "integrity": "sha512-YJSahk8pkxpCs8SflCZfTnJpE7IPyUWIylfgXM2DefjRQa5DZ+c6sNY0s/zbxKYFQ6AuHVX40r9pCfcqHChGxQ==",
      "funding": {
        "type": "github",
        "url": "https://github.com/sponsors/ueberdosis"
      },
      "peerDependencies": {
        "@tiptap/pm": "^2.0.0"
      }
    },
    "node_modules/@tiptap/extension-bold": {
      "version": "2.4.0",
      "resolved": "https://registry.npmjs.org/@tiptap/extension-bold/-/extension-bold-2.4.0.tgz",
      "integrity": "sha512-csnW6hMDEHoRfxcPRLSqeJn+j35Lgtt1YRiOwn7DlS66sAECGRuoGfCvQSPij0TCDp4VCR9if5Sf8EymhnQumQ==",
      "funding": {
        "type": "github",
        "url": "https://github.com/sponsors/ueberdosis"
      },
      "peerDependencies": {
        "@tiptap/core": "^2.0.0"
      }
    },
    "node_modules/@tiptap/extension-bullet-list": {
      "version": "2.4.0",
      "resolved": "https://registry.npmjs.org/@tiptap/extension-bullet-list/-/extension-bullet-list-2.4.0.tgz",
      "integrity": "sha512-9S5DLIvFRBoExvmZ+/ErpTvs4Wf1yOEs8WXlKYUCcZssK7brTFj99XDwpHFA29HKDwma5q9UHhr2OB2o0JYAdw==",
      "funding": {
        "type": "github",
        "url": "https://github.com/sponsors/ueberdosis"
      },
      "peerDependencies": {
        "@tiptap/core": "^2.0.0"
      }
    },
    "node_modules/@tiptap/extension-document": {
      "version": "2.4.0",
      "resolved": "https://registry.npmjs.org/@tiptap/extension-document/-/extension-document-2.4.0.tgz",
      "integrity": "sha512-3jRodQJZDGbXlRPERaloS+IERg/VwzpC1IO6YSJR9jVIsBO6xC29P3cKTQlg1XO7p6ZH/0ksK73VC5BzzTwoHg==",
      "funding": {
        "type": "github",
        "url": "https://github.com/sponsors/ueberdosis"
      },
      "peerDependencies": {
        "@tiptap/core": "^2.0.0"
      }
    },
    "node_modules/@tiptap/extension-dropcursor": {
      "version": "2.4.0",
      "resolved": "https://registry.npmjs.org/@tiptap/extension-dropcursor/-/extension-dropcursor-2.4.0.tgz",
      "integrity": "sha512-c46HoG2PEEpSZv5rmS5UX/lJ6/kP1iVO0Ax+6JrNfLEIiDULUoi20NqdjolEa38La2VhWvs+o20OviiTOKEE9g==",
      "funding": {
        "type": "github",
        "url": "https://github.com/sponsors/ueberdosis"
      },
      "peerDependencies": {
        "@tiptap/core": "^2.0.0",
        "@tiptap/pm": "^2.0.0"
      }
    },
    "node_modules/@tiptap/extension-gapcursor": {
      "version": "2.4.0",
      "resolved": "https://registry.npmjs.org/@tiptap/extension-gapcursor/-/extension-gapcursor-2.4.0.tgz",
      "integrity": "sha512-F4y/0J2lseohkFUw9P2OpKhrJ6dHz69ZScABUvcHxjznJLd6+0Zt7014Lw5PA8/m2d/w0fX8LZQ88pZr4quZPQ==",
      "funding": {
        "type": "github",
        "url": "https://github.com/sponsors/ueberdosis"
      },
      "peerDependencies": {
        "@tiptap/core": "^2.0.0",
        "@tiptap/pm": "^2.0.0"
      }
    },
    "node_modules/@tiptap/extension-hard-break": {
      "version": "2.4.0",
      "resolved": "https://registry.npmjs.org/@tiptap/extension-hard-break/-/extension-hard-break-2.4.0.tgz",
      "integrity": "sha512-3+Z6zxevtHza5IsDBZ4lZqvNR3Kvdqwxq/QKCKu9UhJN1DUjsg/l1Jn2NilSQ3NYkBYh2yJjT8CMo9pQIu776g==",
      "funding": {
        "type": "github",
        "url": "https://github.com/sponsors/ueberdosis"
      },
      "peerDependencies": {
        "@tiptap/core": "^2.0.0"
      }
    },
    "node_modules/@tiptap/extension-heading": {
      "version": "2.4.0",
      "resolved": "https://registry.npmjs.org/@tiptap/extension-heading/-/extension-heading-2.4.0.tgz",
      "integrity": "sha512-fYkyP/VMo7YHO76YVrUjd95Qeo0cubWn/Spavmwm1gLTHH/q7xMtbod2Z/F0wd6QHnc7+HGhO7XAjjKWDjldaw==",
      "funding": {
        "type": "github",
        "url": "https://github.com/sponsors/ueberdosis"
      },
      "peerDependencies": {
        "@tiptap/core": "^2.0.0"
      }
    },
    "node_modules/@tiptap/extension-history": {
      "version": "2.4.0",
      "resolved": "https://registry.npmjs.org/@tiptap/extension-history/-/extension-history-2.4.0.tgz",
      "integrity": "sha512-gr5qsKAXEVGr1Lyk1598F7drTaEtAxqZiuuSwTCzZzkiwgEQsWMWTWc9F8FlneCEaqe1aIYg6WKWlmYPaFwr0w==",
      "funding": {
        "type": "github",
        "url": "https://github.com/sponsors/ueberdosis"
      },
      "peerDependencies": {
        "@tiptap/core": "^2.0.0",
        "@tiptap/pm": "^2.0.0"
      }
    },
    "node_modules/@tiptap/extension-horizontal-rule": {
      "version": "2.4.0",
      "resolved": "https://registry.npmjs.org/@tiptap/extension-horizontal-rule/-/extension-horizontal-rule-2.4.0.tgz",
      "integrity": "sha512-yDgxy+YxagcEsBbdWvbQiXYxsv3noS1VTuGwc9G7ZK9xPmBHJ5y0agOkB7HskwsZvJHoaSqNRsh7oZTkf0VR3g==",
      "funding": {
        "type": "github",
        "url": "https://github.com/sponsors/ueberdosis"
      },
      "peerDependencies": {
        "@tiptap/core": "^2.0.0",
        "@tiptap/pm": "^2.0.0"
      }
    },
    "node_modules/@tiptap/extension-image": {
      "version": "2.4.0",
      "resolved": "https://registry.npmjs.org/@tiptap/extension-image/-/extension-image-2.4.0.tgz",
      "integrity": "sha512-NIVhRPMO/ONo8OywEd+8zh0Q6Q7EbFHtBxVsvfOKj9KtZkaXQfUO4MzONTyptkvAchTpj9pIzeaEY5fyU87gFA==",
      "funding": {
        "type": "github",
        "url": "https://github.com/sponsors/ueberdosis"
      },
      "peerDependencies": {
        "@tiptap/core": "^2.0.0"
      }
    },
    "node_modules/@tiptap/extension-italic": {
      "version": "2.4.0",
      "resolved": "https://registry.npmjs.org/@tiptap/extension-italic/-/extension-italic-2.4.0.tgz",
      "integrity": "sha512-aaW/L9q+KNHHK+X73MPloHeIsT191n3VLd3xm6uUcFDnUNvzYJ/q65/1ZicdtCaOLvTutxdrEvhbkrVREX6a8g==",
      "funding": {
        "type": "github",
        "url": "https://github.com/sponsors/ueberdosis"
      },
      "peerDependencies": {
        "@tiptap/core": "^2.0.0"
      }
    },
    "node_modules/@tiptap/extension-link": {
      "version": "2.4.0",
      "resolved": "https://registry.npmjs.org/@tiptap/extension-link/-/extension-link-2.4.0.tgz",
      "integrity": "sha512-r3PjT0bjSKAorHAEBPA0icSMOlqALbxVlWU9vAc+Q3ndzt7ht0CTPNewzFF9kjzARABVt1cblXP/2+c0qGzcsg==",
      "dependencies": {
        "linkifyjs": "^4.1.0"
      },
      "funding": {
        "type": "github",
        "url": "https://github.com/sponsors/ueberdosis"
      },
      "peerDependencies": {
        "@tiptap/core": "^2.0.0",
        "@tiptap/pm": "^2.0.0"
      }
    },
    "node_modules/@tiptap/extension-list-item": {
      "version": "2.4.0",
      "resolved": "https://registry.npmjs.org/@tiptap/extension-list-item/-/extension-list-item-2.4.0.tgz",
      "integrity": "sha512-reUVUx+2cI2NIAqMZhlJ9uK/+zvRzm1GTmlU2Wvzwc7AwLN4yemj6mBDsmBLEXAKPvitfLh6EkeHaruOGymQtg==",
      "funding": {
        "type": "github",
        "url": "https://github.com/sponsors/ueberdosis"
      },
      "peerDependencies": {
        "@tiptap/core": "^2.0.0"
      }
    },
    "node_modules/@tiptap/extension-ordered-list": {
      "version": "2.4.0",
      "resolved": "https://registry.npmjs.org/@tiptap/extension-ordered-list/-/extension-ordered-list-2.4.0.tgz",
      "integrity": "sha512-Zo0c9M0aowv+2+jExZiAvhCB83GZMjZsxywmuOrdUbq5EGYKb7q8hDyN3hkrktVHr9UPXdPAYTmLAHztTOHYRA==",
      "funding": {
        "type": "github",
        "url": "https://github.com/sponsors/ueberdosis"
      },
      "peerDependencies": {
        "@tiptap/core": "^2.0.0"
      }
    },
    "node_modules/@tiptap/extension-paragraph": {
      "version": "2.4.0",
      "resolved": "https://registry.npmjs.org/@tiptap/extension-paragraph/-/extension-paragraph-2.4.0.tgz",
      "integrity": "sha512-+yse0Ow67IRwcACd9K/CzBcxlpr9OFnmf0x9uqpaWt1eHck1sJnti6jrw5DVVkyEBHDh/cnkkV49gvctT/NyCw==",
      "funding": {
        "type": "github",
        "url": "https://github.com/sponsors/ueberdosis"
      },
      "peerDependencies": {
        "@tiptap/core": "^2.0.0"
      }
    },
    "node_modules/@tiptap/extension-strike": {
      "version": "2.4.0",
      "resolved": "https://registry.npmjs.org/@tiptap/extension-strike/-/extension-strike-2.4.0.tgz",
      "integrity": "sha512-pE1uN/fQPOMS3i+zxPYMmPmI3keubnR6ivwM+KdXWOMnBiHl9N4cNpJgq1n2eUUGKLurC2qrQHpnVyGAwBS6Vg==",
      "funding": {
        "type": "github",
        "url": "https://github.com/sponsors/ueberdosis"
      },
      "peerDependencies": {
        "@tiptap/core": "^2.0.0"
      }
    },
    "node_modules/@tiptap/extension-subscript": {
      "version": "2.4.0",
      "resolved": "https://registry.npmjs.org/@tiptap/extension-subscript/-/extension-subscript-2.4.0.tgz",
      "integrity": "sha512-exLSmSFmYN6AVww5oyroFL3KCwstT0U+ojvVhRD6DQ+Hc81d++lBKANfsWAcllXjZVGPWeMNdE66bV7oFCtQcQ==",
      "funding": {
        "type": "github",
        "url": "https://github.com/sponsors/ueberdosis"
      },
      "peerDependencies": {
        "@tiptap/core": "^2.0.0"
      }
    },
    "node_modules/@tiptap/extension-superscript": {
      "version": "2.4.0",
      "resolved": "https://registry.npmjs.org/@tiptap/extension-superscript/-/extension-superscript-2.4.0.tgz",
      "integrity": "sha512-s+GsbbERNQCn/hyaw5/82y3wHQ7o5byc/eFAKYo1p3p5eESlDaHY/xVYPt3CGOX2TJWZalgSFEFqBVdTSI8mUQ==",
      "funding": {
        "type": "github",
        "url": "https://github.com/sponsors/ueberdosis"
      },
      "peerDependencies": {
        "@tiptap/core": "^2.0.0"
      }
    },
    "node_modules/@tiptap/extension-table": {
      "version": "2.4.0",
      "resolved": "https://registry.npmjs.org/@tiptap/extension-table/-/extension-table-2.4.0.tgz",
      "integrity": "sha512-ceIUnPSqVCb+qC0XZSgApoG3dL3MRvWrGl1nIMxEqPgMsD/MP6MsYV1Lx/GmtdUlEEsV1624cGTBiRzeCuWkZA==",
      "funding": {
        "type": "github",
        "url": "https://github.com/sponsors/ueberdosis"
      },
      "peerDependencies": {
        "@tiptap/core": "^2.0.0",
        "@tiptap/pm": "^2.0.0"
      }
    },
    "node_modules/@tiptap/extension-table-cell": {
      "version": "2.4.0",
      "resolved": "https://registry.npmjs.org/@tiptap/extension-table-cell/-/extension-table-cell-2.4.0.tgz",
      "integrity": "sha512-zylResMWLvV17Z6+GEDjvvl+YpJqJhNMyJsZPZNx/72OcNCDN3p2d6RGFwhpnCpdzZDD6LGaIgWaTj9oeg53SA==",
      "funding": {
        "type": "github",
        "url": "https://github.com/sponsors/ueberdosis"
      },
      "peerDependencies": {
        "@tiptap/core": "^2.0.0"
      }
    },
    "node_modules/@tiptap/extension-table-header": {
      "version": "2.4.0",
      "resolved": "https://registry.npmjs.org/@tiptap/extension-table-header/-/extension-table-header-2.4.0.tgz",
      "integrity": "sha512-FZCOyJHSFsMTCfBh49J1DlwgpUIM5Ivpr57Za8FVvUkk8RKUIOKpNsZqxE+Wrw+2Bvy5H4X7Azb588x0NDqfOQ==",
      "funding": {
        "type": "github",
        "url": "https://github.com/sponsors/ueberdosis"
      },
      "peerDependencies": {
        "@tiptap/core": "^2.0.0"
      }
    },
    "node_modules/@tiptap/extension-table-row": {
      "version": "2.4.0",
      "resolved": "https://registry.npmjs.org/@tiptap/extension-table-row/-/extension-table-row-2.4.0.tgz",
      "integrity": "sha512-K4FDI4YzyLWZbhIZYYL15uqs6M3QsPZGTpTdkSaxcKMLholcskDSHhJmySxnrjI0+JNAtyIiqlWBfA1/9Zyhng==",
      "funding": {
        "type": "github",
        "url": "https://github.com/sponsors/ueberdosis"
      },
      "peerDependencies": {
        "@tiptap/core": "^2.0.0"
      }
    },
    "node_modules/@tiptap/extension-text": {
      "version": "2.4.0",
      "resolved": "https://registry.npmjs.org/@tiptap/extension-text/-/extension-text-2.4.0.tgz",
      "integrity": "sha512-LV0bvE+VowE8IgLca7pM8ll7quNH+AgEHRbSrsI3SHKDCYB9gTHMjWaAkgkUVaO1u0IfCrjnCLym/PqFKa+vvg==",
      "funding": {
        "type": "github",
        "url": "https://github.com/sponsors/ueberdosis"
      },
      "peerDependencies": {
        "@tiptap/core": "^2.0.0"
      }
    },
    "node_modules/@tiptap/extension-underline": {
      "version": "2.4.0",
      "resolved": "https://registry.npmjs.org/@tiptap/extension-underline/-/extension-underline-2.4.0.tgz",
      "integrity": "sha512-guWojb7JxUwLz4OKzwNExJwOkhZjgw/ttkXCMBT0PVe55k998MMYe1nvN0m2SeTW9IxurEPtScH4kYJ0XuSm8Q==",
      "funding": {
        "type": "github",
        "url": "https://github.com/sponsors/ueberdosis"
      },
      "peerDependencies": {
        "@tiptap/core": "^2.0.0"
      }
    },
    "node_modules/@tiptap/html": {
      "version": "2.4.0",
      "resolved": "https://registry.npmjs.org/@tiptap/html/-/html-2.4.0.tgz",
      "integrity": "sha512-iM0sa6t0Hb5GTXnjdKvMDtD3KZgA4Mwx3QADeqfR10EjfPNlkh/BHU83oIhss/2JVRBXiUUDnNxW9cfpHX37/g==",
      "dependencies": {
        "zeed-dom": "^0.10.9"
      },
      "funding": {
        "type": "github",
        "url": "https://github.com/sponsors/ueberdosis"
      },
      "peerDependencies": {
        "@tiptap/core": "^2.0.0",
        "@tiptap/pm": "^2.0.0"
      }
    },
    "node_modules/@tiptap/pm": {
      "version": "2.4.0",
      "resolved": "https://registry.npmjs.org/@tiptap/pm/-/pm-2.4.0.tgz",
      "integrity": "sha512-B1HMEqGS4MzIVXnpgRZDLm30mxDWj51LkBT/if1XD+hj5gm8B9Q0c84bhvODX6KIs+c6z+zsY9VkVu8w9Yfgxg==",
      "peer": true,
      "dependencies": {
        "prosemirror-changeset": "^2.2.1",
        "prosemirror-collab": "^1.3.1",
        "prosemirror-commands": "^1.5.2",
        "prosemirror-dropcursor": "^1.8.1",
        "prosemirror-gapcursor": "^1.3.2",
        "prosemirror-history": "^1.3.2",
        "prosemirror-inputrules": "^1.3.0",
        "prosemirror-keymap": "^1.2.2",
        "prosemirror-markdown": "^1.12.0",
        "prosemirror-menu": "^1.2.4",
        "prosemirror-model": "^1.19.4",
        "prosemirror-schema-basic": "^1.2.2",
        "prosemirror-schema-list": "^1.3.0",
        "prosemirror-state": "^1.4.3",
        "prosemirror-tables": "^1.3.5",
        "prosemirror-trailing-node": "^2.0.7",
        "prosemirror-transform": "^1.8.0",
        "prosemirror-view": "^1.32.7"
      },
      "funding": {
        "type": "github",
        "url": "https://github.com/sponsors/ueberdosis"
      }
    },
    "node_modules/agent-base": {
      "version": "7.1.1",
      "resolved": "https://registry.npmjs.org/agent-base/-/agent-base-7.1.1.tgz",
      "integrity": "sha512-H0TSyFNDMomMNJQBn8wFV5YC/2eJ+VXECwOadZJT554xP6cODZHPX3H9QMQECxvrgiSOP1pHjy1sMWQVYJOUOA==",
      "dependencies": {
        "debug": "^4.3.4"
      },
      "engines": {
        "node": ">= 14"
      }
    },
    "node_modules/argparse": {
      "version": "2.0.1",
      "resolved": "https://registry.npmjs.org/argparse/-/argparse-2.0.1.tgz",
      "integrity": "sha512-8+9WqebbFzpX9OR+Wa6O29asIogeRMzcGtAINdpMHHyAg10f05aSFVBbcEqGf/PXw1EjAZ+q2/bEBg3DvurK3Q==",
      "peer": true
    },
    "node_modules/asynckit": {
      "version": "0.4.0",
      "resolved": "https://registry.npmjs.org/asynckit/-/asynckit-0.4.0.tgz",
      "integrity": "sha512-Oei9OH4tRh0YqU3GxhX79dM/mwVgvbZJaSNaRk+bshkj0S5cfHcgYakreBjrHwatXKbz+IoIdYLxrKim2MjW0Q=="
    },
    "node_modules/combined-stream": {
      "version": "1.0.8",
      "resolved": "https://registry.npmjs.org/combined-stream/-/combined-stream-1.0.8.tgz",
      "integrity": "sha512-FQN4MRfuJeHf7cBbBMJFXhKSDq+2kAArBlmRBvcvFE5BB1HZKXtSFASDhdlz9zOYwxh8lDdnvmMOe/+5cdoEdg==",
      "dependencies": {
        "delayed-stream": "~1.0.0"
      },
      "engines": {
        "node": ">= 0.8"
      }
    },
    "node_modules/crelt": {
      "version": "1.0.6",
      "resolved": "https://registry.npmjs.org/crelt/-/crelt-1.0.6.tgz",
      "integrity": "sha512-VQ2MBenTq1fWZUH9DJNGti7kKv6EeAuYr3cLwxUWhIu1baTaXh4Ib5W2CqHVqib4/MqbYGJqiL3Zb8GJZr3l4g==",
      "peer": true
    },
    "node_modules/css-what": {
      "version": "6.1.0",
      "resolved": "https://registry.npmjs.org/css-what/-/css-what-6.1.0.tgz",
      "integrity": "sha512-HTUrgRJ7r4dsZKU6GjmpfRK1O76h97Z8MfS1G0FozR+oF2kG6Vfe8JE6zwrkbxigziPHinCJ+gCPjA9EaBDtRw==",
      "engines": {
        "node": ">= 6"
      },
      "funding": {
        "url": "https://github.com/sponsors/fb55"
      }
    },
    "node_modules/cssstyle": {
      "version": "4.0.1",
      "resolved": "https://registry.npmjs.org/cssstyle/-/cssstyle-4.0.1.tgz",
      "integrity": "sha512-8ZYiJ3A/3OkDd093CBT/0UKDWry7ak4BdPTFP2+QEP7cmhouyq/Up709ASSj2cK02BbZiMgk7kYjZNS4QP5qrQ==",
      "dependencies": {
        "rrweb-cssom": "^0.6.0"
      },
      "engines": {
        "node": ">=18"
      }
    },
    "node_modules/cssstyle/node_modules/rrweb-cssom": {
      "version": "0.6.0",
      "resolved": "https://registry.npmjs.org/rrweb-cssom/-/rrweb-cssom-0.6.0.tgz",
      "integrity": "sha512-APM0Gt1KoXBz0iIkkdB/kfvGOwC4UuJFeG/c+yV7wSc7q96cG/kJ0HiYCnzivD9SB53cLV1MlHFNfOuPaadYSw=="
    },
    "node_modules/data-urls": {
      "version": "5.0.0",
      "resolved": "https://registry.npmjs.org/data-urls/-/data-urls-5.0.0.tgz",
      "integrity": "sha512-ZYP5VBHshaDAiVZxjbRVcFJpc+4xGgT0bK3vzy1HLN8jTO975HEbuYzZJcHoQEY5K1a0z8YayJkyVETa08eNTg==",
      "dependencies": {
        "whatwg-mimetype": "^4.0.0",
        "whatwg-url": "^14.0.0"
      },
      "engines": {
        "node": ">=18"
      }
    },
    "node_modules/debug": {
      "version": "4.3.5",
      "resolved": "https://registry.npmjs.org/debug/-/debug-4.3.5.tgz",
      "integrity": "sha512-pt0bNEmneDIvdL1Xsd9oDQ/wrQRkXDT4AUWlNZNPKvW5x/jyO9VFXkJUP07vQ2upmw5PlaITaPKc31jK13V+jg==",
      "dependencies": {
        "ms": "2.1.2"
      },
      "engines": {
        "node": ">=6.0"
      },
      "peerDependenciesMeta": {
        "supports-color": {
          "optional": true
        }
      }
    },
    "node_modules/decimal.js": {
      "version": "10.4.3",
      "resolved": "https://registry.npmjs.org/decimal.js/-/decimal.js-10.4.3.tgz",
      "integrity": "sha512-VBBaLc1MgL5XpzgIP7ny5Z6Nx3UrRkIViUkPUdtl9aya5amy3De1gsUUSB1g3+3sExYNjCAsAznmukyxCb1GRA=="
    },
    "node_modules/delayed-stream": {
      "version": "1.0.0",
      "resolved": "https://registry.npmjs.org/delayed-stream/-/delayed-stream-1.0.0.tgz",
      "integrity": "sha512-ZySD7Nf91aLB0RxL4KGrKHBXl7Eds1DAmEdcoVawXnLD7SDhpNgtuII2aAkg7a7QS41jxPSZ17p4VdGnMHk3MQ==",
      "engines": {
        "node": ">=0.4.0"
      }
    },
    "node_modules/entities": {
      "version": "4.5.0",
      "resolved": "https://registry.npmjs.org/entities/-/entities-4.5.0.tgz",
      "integrity": "sha512-V0hjH4dGPh9Ao5p0MoRY6BVqtwCjhz6vI5LT8AJ55H+4g9/4vbHx1I54fS0XuclLhDHArPQCiMjDxjaL8fPxhw==",
      "engines": {
        "node": ">=0.12"
      },
      "funding": {
        "url": "https://github.com/fb55/entities?sponsor=1"
      }
    },
    "node_modules/escape-string-regexp": {
      "version": "4.0.0",
      "resolved": "https://registry.npmjs.org/escape-string-regexp/-/escape-string-regexp-4.0.0.tgz",
      "integrity": "sha512-TtpcNJ3XAzx3Gq8sWRzJaVajRs0uVxA2YAkdb1jm2YkPz4G6egUFAyA3n5vtEIZefPk5Wa4UXbKuS5fKkJWdgA==",
      "peer": true,
      "engines": {
        "node": ">=10"
      },
      "funding": {
        "url": "https://github.com/sponsors/sindresorhus"
      }
    },
    "node_modules/fast-xml-parser": {
      "version": "4.4.0",
      "resolved": "https://registry.npmjs.org/fast-xml-parser/-/fast-xml-parser-4.4.0.tgz",
      "integrity": "sha512-kLY3jFlwIYwBNDojclKsNAC12sfD6NwW74QB2CoNGPvtVxjliYehVunB3HYyNi+n4Tt1dAcgwYvmKF/Z18flqg==",
      "funding": [
        {
          "type": "github",
          "url": "https://github.com/sponsors/NaturalIntelligence"
        },
        {
          "type": "paypal",
          "url": "https://paypal.me/naturalintelligence"
        }
      ],
      "dependencies": {
        "strnum": "^1.0.5"
      },
      "bin": {
        "fxparser": "src/cli/cli.js"
      }
    },
    "node_modules/form-data": {
      "version": "4.0.0",
      "resolved": "https://registry.npmjs.org/form-data/-/form-data-4.0.0.tgz",
      "integrity": "sha512-ETEklSGi5t0QMZuiXoA/Q6vcnxcLQP5vdugSpuAyi6SVGi2clPPp+xgEhuMaHC+zGgn31Kd235W35f7Hykkaww==",
      "dependencies": {
        "asynckit": "^0.4.0",
        "combined-stream": "^1.0.8",
        "mime-types": "^2.1.12"
      },
      "engines": {
        "node": ">= 6"
      }
    },
    "node_modules/html-encoding-sniffer": {
      "version": "4.0.0",
      "resolved": "https://registry.npmjs.org/html-encoding-sniffer/-/html-encoding-sniffer-4.0.0.tgz",
      "integrity": "sha512-Y22oTqIU4uuPgEemfz7NDJz6OeKf12Lsu+QC+s3BVpda64lTiMYCyGwg5ki4vFxkMwQdeZDl2adZoqUgdFuTgQ==",
      "dependencies": {
        "whatwg-encoding": "^3.1.1"
      },
      "engines": {
        "node": ">=18"
      }
    },
    "node_modules/http-proxy-agent": {
      "version": "7.0.2",
      "resolved": "https://registry.npmjs.org/http-proxy-agent/-/http-proxy-agent-7.0.2.tgz",
      "integrity": "sha512-T1gkAiYYDWYx3V5Bmyu7HcfcvL7mUrTWiM6yOfa3PIphViJ/gFPbvidQ+veqSOHci/PxBcDabeUNCzpOODJZig==",
      "dependencies": {
        "agent-base": "^7.1.0",
        "debug": "^4.3.4"
      },
      "engines": {
        "node": ">= 14"
      }
    },
    "node_modules/https-proxy-agent": {
      "version": "7.0.4",
      "resolved": "https://registry.npmjs.org/https-proxy-agent/-/https-proxy-agent-7.0.4.tgz",
      "integrity": "sha512-wlwpilI7YdjSkWaQ/7omYBMTliDcmCN8OLihO6I9B86g06lMyAoqgoDpV0XqoaPOKj+0DIdAvnsWfyAAhmimcg==",
      "dependencies": {
        "agent-base": "^7.0.2",
        "debug": "4"
      },
      "engines": {
        "node": ">= 14"
      }
    },
    "node_modules/iconv-lite": {
      "version": "0.6.3",
      "resolved": "https://registry.npmjs.org/iconv-lite/-/iconv-lite-0.6.3.tgz",
      "integrity": "sha512-4fCk79wshMdzMp2rH06qWrJE4iolqLhCUH+OiuIgU++RB0+94NlDL81atO7GX55uUKueo0txHNtvEyI6D7WdMw==",
      "dependencies": {
        "safer-buffer": ">= 2.1.2 < 3.0.0"
      },
      "engines": {
        "node": ">=0.10.0"
      }
    },
    "node_modules/is-potential-custom-element-name": {
      "version": "1.0.1",
      "resolved": "https://registry.npmjs.org/is-potential-custom-element-name/-/is-potential-custom-element-name-1.0.1.tgz",
      "integrity": "sha512-bCYeRA2rVibKZd+s2625gGnGF/t7DSqDs4dP7CrLA1m7jKWz6pps0LpYLJN8Q64HtmPKJ1hrN3nzPNKFEKOUiQ=="
    },
    "node_modules/jsdom": {
      "version": "24.1.0",
      "resolved": "https://registry.npmjs.org/jsdom/-/jsdom-24.1.0.tgz",
      "integrity": "sha512-6gpM7pRXCwIOKxX47cgOyvyQDN/Eh0f1MeKySBV2xGdKtqJBLj8P25eY3EVCWo2mglDDzozR2r2MW4T+JiNUZA==",
      "dependencies": {
        "cssstyle": "^4.0.1",
        "data-urls": "^5.0.0",
        "decimal.js": "^10.4.3",
        "form-data": "^4.0.0",
        "html-encoding-sniffer": "^4.0.0",
        "http-proxy-agent": "^7.0.2",
        "https-proxy-agent": "^7.0.4",
        "is-potential-custom-element-name": "^1.0.1",
        "nwsapi": "^2.2.10",
        "parse5": "^7.1.2",
        "rrweb-cssom": "^0.7.0",
        "saxes": "^6.0.0",
        "symbol-tree": "^3.2.4",
        "tough-cookie": "^4.1.4",
        "w3c-xmlserializer": "^5.0.0",
        "webidl-conversions": "^7.0.0",
        "whatwg-encoding": "^3.1.1",
        "whatwg-mimetype": "^4.0.0",
        "whatwg-url": "^14.0.0",
        "ws": "^8.17.0",
        "xml-name-validator": "^5.0.0"
      },
      "engines": {
        "node": ">=18"
      },
      "peerDependencies": {
        "canvas": "^2.11.2"
      },
      "peerDependenciesMeta": {
        "canvas": {
          "optional": true
        }
      }
    },
    "node_modules/linkify-it": {
      "version": "5.0.0",
      "resolved": "https://registry.npmjs.org/linkify-it/-/linkify-it-5.0.0.tgz",
      "integrity": "sha512-5aHCbzQRADcdP+ATqnDuhhJ/MRIqDkZX5pyjFHRRysS8vZ5AbqGEoFIb6pYHPZ+L/OC2Lc+xT8uHVVR5CAK/wQ==",
      "peer": true,
      "dependencies": {
        "uc.micro": "^2.0.0"
      }
    },
    "node_modules/linkifyjs": {
      "version": "4.1.3",
      "resolved": "https://registry.npmjs.org/linkifyjs/-/linkifyjs-4.1.3.tgz",
      "integrity": "sha512-auMesunaJ8yfkHvK4gfg1K0SaKX/6Wn9g2Aac/NwX+l5VdmFZzo/hdPGxEOETj+ryRa4/fiOPjeeKURSAJx1sg=="
    },
    "node_modules/markdown-it": {
      "version": "14.1.0",
      "resolved": "https://registry.npmjs.org/markdown-it/-/markdown-it-14.1.0.tgz",
      "integrity": "sha512-a54IwgWPaeBCAAsv13YgmALOF1elABB08FxO9i+r4VFk5Vl4pKokRPeX8u5TCgSsPi6ec1otfLjdOpVcgbpshg==",
      "peer": true,
      "dependencies": {
        "argparse": "^2.0.1",
        "entities": "^4.4.0",
        "linkify-it": "^5.0.0",
        "mdurl": "^2.0.0",
        "punycode.js": "^2.3.1",
        "uc.micro": "^2.1.0"
      },
      "bin": {
        "markdown-it": "bin/markdown-it.mjs"
      }
    },
    "node_modules/mdurl": {
      "version": "2.0.0",
      "resolved": "https://registry.npmjs.org/mdurl/-/mdurl-2.0.0.tgz",
      "integrity": "sha512-Lf+9+2r+Tdp5wXDXC4PcIBjTDtq4UKjCPMQhKIuzpJNW0b96kVqSwW0bT7FhRSfmAiFYgP+SCRvdrDozfh0U5w==",
      "peer": true
    },
    "node_modules/mime-db": {
      "version": "1.52.0",
      "resolved": "https://registry.npmjs.org/mime-db/-/mime-db-1.52.0.tgz",
      "integrity": "sha512-sPU4uV7dYlvtWJxwwxHD0PuihVNiE7TyAbQ5SWxDCB9mUYvOgroQOwYQQOKPJ8CIbE+1ETVlOoK1UC2nU3gYvg==",
      "engines": {
        "node": ">= 0.6"
      }
    },
    "node_modules/mime-types": {
      "version": "2.1.35",
      "resolved": "https://registry.npmjs.org/mime-types/-/mime-types-2.1.35.tgz",
      "integrity": "sha512-ZDY+bPm5zTTF+YpCrAU9nK0UgICYPT0QtT1NZWFv4s++TNkcgVaT0g6+4R2uI4MjQjzysHB1zxuWL50hzaeXiw==",
      "dependencies": {
        "mime-db": "1.52.0"
      },
      "engines": {
        "node": ">= 0.6"
      }
    },
    "node_modules/ms": {
      "version": "2.1.2",
      "resolved": "https://registry.npmjs.org/ms/-/ms-2.1.2.tgz",
      "integrity": "sha512-sGkPx+VjMtmA6MX27oA4FBFELFCZZ4S4XqeGOXCv68tT+jb3vk/RyaKWP0PTKyWtmLSM0b+adUTEvbs1PEaH2w=="
    },
    "node_modules/nwsapi": {
      "version": "2.2.10",
      "resolved": "https://registry.npmjs.org/nwsapi/-/nwsapi-2.2.10.tgz",
      "integrity": "sha512-QK0sRs7MKv0tKe1+5uZIQk/C8XGza4DAnztJG8iD+TpJIORARrCxczA738awHrZoHeTjSSoHqao2teO0dC/gFQ=="
    },
    "node_modules/orderedmap": {
      "version": "2.1.1",
      "resolved": "https://registry.npmjs.org/orderedmap/-/orderedmap-2.1.1.tgz",
      "integrity": "sha512-TvAWxi0nDe1j/rtMcWcIj94+Ffe6n7zhow33h40SKxmsmozs6dz/e+EajymfoFcHd7sxNn8yHM8839uixMOV6g==",
      "peer": true
    },
    "node_modules/papaparse": {
      "version": "5.4.1",
      "resolved": "https://registry.npmjs.org/papaparse/-/papaparse-5.4.1.tgz",
      "integrity": "sha512-HipMsgJkZu8br23pW15uvo6sib6wne/4woLZPlFf3rpDyMe9ywEXUsuD7+6K9PRkJlVT51j/sCOYDKGGS3ZJrw=="
    },
    "node_modules/parse5": {
      "version": "7.1.2",
      "resolved": "https://registry.npmjs.org/parse5/-/parse5-7.1.2.tgz",
      "integrity": "sha512-Czj1WaSVpaoj0wbhMzLmWD69anp2WH7FXMB9n1Sy8/ZFF9jolSQVMu1Ij5WIyGmcBmhk7EOndpO4mIpihVqAXw==",
      "dependencies": {
        "entities": "^4.4.0"
      },
      "funding": {
        "url": "https://github.com/inikulin/parse5?sponsor=1"
      }
    },
    "node_modules/prosemirror-changeset": {
      "version": "2.2.1",
      "resolved": "https://registry.npmjs.org/prosemirror-changeset/-/prosemirror-changeset-2.2.1.tgz",
      "integrity": "sha512-J7msc6wbxB4ekDFj+n9gTW/jav/p53kdlivvuppHsrZXCaQdVgRghoZbSS3kwrRyAstRVQ4/+u5k7YfLgkkQvQ==",
      "peer": true,
      "dependencies": {
        "prosemirror-transform": "^1.0.0"
      }
    },
    "node_modules/prosemirror-collab": {
      "version": "1.3.1",
      "resolved": "https://registry.npmjs.org/prosemirror-collab/-/prosemirror-collab-1.3.1.tgz",
      "integrity": "sha512-4SnynYR9TTYaQVXd/ieUvsVV4PDMBzrq2xPUWutHivDuOshZXqQ5rGbZM84HEaXKbLdItse7weMGOUdDVcLKEQ==",
      "peer": true,
      "dependencies": {
        "prosemirror-state": "^1.0.0"
      }
    },
    "node_modules/prosemirror-commands": {
      "version": "1.5.2",
      "resolved": "https://registry.npmjs.org/prosemirror-commands/-/prosemirror-commands-1.5.2.tgz",
      "integrity": "sha512-hgLcPaakxH8tu6YvVAaILV2tXYsW3rAdDR8WNkeKGcgeMVQg3/TMhPdVoh7iAmfgVjZGtcOSjKiQaoeKjzd2mQ==",
      "peer": true,
      "dependencies": {
        "prosemirror-model": "^1.0.0",
        "prosemirror-state": "^1.0.0",
        "prosemirror-transform": "^1.0.0"
      }
    },
    "node_modules/prosemirror-dropcursor": {
      "version": "1.8.1",
      "resolved": "https://registry.npmjs.org/prosemirror-dropcursor/-/prosemirror-dropcursor-1.8.1.tgz",
      "integrity": "sha512-M30WJdJZLyXHi3N8vxN6Zh5O8ZBbQCz0gURTfPmTIBNQ5pxrdU7A58QkNqfa98YEjSAL1HUyyU34f6Pm5xBSGw==",
      "peer": true,
      "dependencies": {
        "prosemirror-state": "^1.0.0",
        "prosemirror-transform": "^1.1.0",
        "prosemirror-view": "^1.1.0"
      }
    },
    "node_modules/prosemirror-gapcursor": {
      "version": "1.3.2",
      "resolved": "https://registry.npmjs.org/prosemirror-gapcursor/-/prosemirror-gapcursor-1.3.2.tgz",
      "integrity": "sha512-wtjswVBd2vaQRrnYZaBCbyDqr232Ed4p2QPtRIUK5FuqHYKGWkEwl08oQM4Tw7DOR0FsasARV5uJFvMZWxdNxQ==",
      "peer": true,
      "dependencies": {
        "prosemirror-keymap": "^1.0.0",
        "prosemirror-model": "^1.0.0",
        "prosemirror-state": "^1.0.0",
        "prosemirror-view": "^1.0.0"
      }
    },
    "node_modules/prosemirror-history": {
      "version": "1.4.0",
      "resolved": "https://registry.npmjs.org/prosemirror-history/-/prosemirror-history-1.4.0.tgz",
      "integrity": "sha512-UUiGzDVcqo1lovOPdi9YxxUps3oBFWAIYkXLu3Ot+JPv1qzVogRbcizxK3LhHmtaUxclohgiOVesRw5QSlMnbQ==",
      "peer": true,
      "dependencies": {
        "prosemirror-state": "^1.2.2",
        "prosemirror-transform": "^1.0.0",
        "prosemirror-view": "^1.31.0",
        "rope-sequence": "^1.3.0"
      }
    },
    "node_modules/prosemirror-inputrules": {
      "version": "1.4.0",
      "resolved": "https://registry.npmjs.org/prosemirror-inputrules/-/prosemirror-inputrules-1.4.0.tgz",
      "integrity": "sha512-6ygpPRuTJ2lcOXs9JkefieMst63wVJBgHZGl5QOytN7oSZs3Co/BYbc3Yx9zm9H37Bxw8kVzCnDsihsVsL4yEg==",
      "peer": true,
      "dependencies": {
        "prosemirror-state": "^1.0.0",
        "prosemirror-transform": "^1.0.0"
      }
    },
    "node_modules/prosemirror-keymap": {
      "version": "1.2.2",
      "resolved": "https://registry.npmjs.org/prosemirror-keymap/-/prosemirror-keymap-1.2.2.tgz",
      "integrity": "sha512-EAlXoksqC6Vbocqc0GtzCruZEzYgrn+iiGnNjsJsH4mrnIGex4qbLdWWNza3AW5W36ZRrlBID0eM6bdKH4OStQ==",
      "peer": true,
      "dependencies": {
        "prosemirror-state": "^1.0.0",
        "w3c-keyname": "^2.2.0"
      }
    },
    "node_modules/prosemirror-markdown": {
      "version": "1.13.0",
      "resolved": "https://registry.npmjs.org/prosemirror-markdown/-/prosemirror-markdown-1.13.0.tgz",
      "integrity": "sha512-UziddX3ZYSYibgx8042hfGKmukq5Aljp2qoBiJRejD/8MH70siQNz5RB1TrdTPheqLMy4aCe4GYNF10/3lQS5g==",
      "peer": true,
      "dependencies": {
        "markdown-it": "^14.0.0",
        "prosemirror-model": "^1.20.0"
      }
    },
    "node_modules/prosemirror-menu": {
      "version": "1.2.4",
      "resolved": "https://registry.npmjs.org/prosemirror-menu/-/prosemirror-menu-1.2.4.tgz",
      "integrity": "sha512-S/bXlc0ODQup6aiBbWVsX/eM+xJgCTAfMq/nLqaO5ID/am4wS0tTCIkzwytmao7ypEtjj39i7YbJjAgO20mIqA==",
      "peer": true,
      "dependencies": {
        "crelt": "^1.0.0",
        "prosemirror-commands": "^1.0.0",
        "prosemirror-history": "^1.0.0",
        "prosemirror-state": "^1.0.0"
      }
    },
    "node_modules/prosemirror-model": {
      "version": "1.21.1",
      "resolved": "https://registry.npmjs.org/prosemirror-model/-/prosemirror-model-1.21.1.tgz",
      "integrity": "sha512-IVBAuMqOfltTr7yPypwpfdGT+6rGAteVOw2FO6GEvCGGa1ZwxLseqC1Eax/EChDvG/xGquB2d/hLdgh3THpsYg==",
      "peer": true,
      "dependencies": {
        "orderedmap": "^2.0.0"
      }
    },
    "node_modules/prosemirror-schema-basic": {
      "version": "1.2.2",
      "resolved": "https://registry.npmjs.org/prosemirror-schema-basic/-/prosemirror-schema-basic-1.2.2.tgz",
      "integrity": "sha512-/dT4JFEGyO7QnNTe9UaKUhjDXbTNkiWTq/N4VpKaF79bBjSExVV2NXmJpcM7z/gD7mbqNjxbmWW5nf1iNSSGnw==",
      "peer": true,
      "dependencies": {
        "prosemirror-model": "^1.19.0"
      }
    },
    "node_modules/prosemirror-schema-list": {
      "version": "1.4.0",
      "resolved": "https://registry.npmjs.org/prosemirror-schema-list/-/prosemirror-schema-list-1.4.0.tgz",
      "integrity": "sha512-nZOIq/AkBSzCENxUyLm5ltWE53e2PLk65ghMN8qLQptOmDVixZlPqtMeQdiNw0odL9vNpalEjl3upgRkuJ/Jyw==",
      "peer": true,
      "dependencies": {
        "prosemirror-model": "^1.0.0",
        "prosemirror-state": "^1.0.0",
        "prosemirror-transform": "^1.7.3"
      }
    },
    "node_modules/prosemirror-state": {
      "version": "1.4.3",
      "resolved": "https://registry.npmjs.org/prosemirror-state/-/prosemirror-state-1.4.3.tgz",
      "integrity": "sha512-goFKORVbvPuAQaXhpbemJFRKJ2aixr+AZMGiquiqKxaucC6hlpHNZHWgz5R7dS4roHiwq9vDctE//CZ++o0W1Q==",
      "peer": true,
      "dependencies": {
        "prosemirror-model": "^1.0.0",
        "prosemirror-transform": "^1.0.0",
        "prosemirror-view": "^1.27.0"
      }
    },
    "node_modules/prosemirror-tables": {
      "version": "1.3.7",
      "resolved": "https://registry.npmjs.org/prosemirror-tables/-/prosemirror-tables-1.3.7.tgz",
      "integrity": "sha512-oEwX1wrziuxMtwFvdDWSFHVUWrFJWt929kVVfHvtTi8yvw+5ppxjXZkMG/fuTdFo+3DXyIPSKfid+Be1npKXDA==",
      "peer": true,
      "dependencies": {
        "prosemirror-keymap": "^1.1.2",
        "prosemirror-model": "^1.8.1",
        "prosemirror-state": "^1.3.1",
        "prosemirror-transform": "^1.2.1",
        "prosemirror-view": "^1.13.3"
      }
    },
    "node_modules/prosemirror-trailing-node": {
      "version": "2.0.8",
      "resolved": "https://registry.npmjs.org/prosemirror-trailing-node/-/prosemirror-trailing-node-2.0.8.tgz",
      "integrity": "sha512-ujRYhSuhQb1Jsarh1IHqb2KoSnRiD7wAMDGucP35DN7j5af6X7B18PfdPIrbwsPTqIAj0fyOvxbuPsWhNvylmA==",
      "peer": true,
      "dependencies": {
        "@remirror/core-constants": "^2.0.2",
        "escape-string-regexp": "^4.0.0"
      },
      "peerDependencies": {
        "prosemirror-model": "^1.19.0",
        "prosemirror-state": "^1.4.2",
        "prosemirror-view": "^1.31.2"
      }
    },
    "node_modules/prosemirror-transform": {
      "version": "1.9.0",
      "resolved": "https://registry.npmjs.org/prosemirror-transform/-/prosemirror-transform-1.9.0.tgz",
      "integrity": "sha512-5UXkr1LIRx3jmpXXNKDhv8OyAOeLTGuXNwdVfg8x27uASna/wQkr9p6fD3eupGOi4PLJfbezxTyi/7fSJypXHg==",
      "peer": true,
      "dependencies": {
        "prosemirror-model": "^1.21.0"
      }
    },
    "node_modules/prosemirror-view": {
      "version": "1.33.8",
      "resolved": "https://registry.npmjs.org/prosemirror-view/-/prosemirror-view-1.33.8.tgz",
      "integrity": "sha512-4PhMr/ufz2cdvFgpUAnZfs+0xij3RsFysreeG9V/utpwX7AJtYCDVyuRxzWoMJIEf4C7wVihuBNMPpFLPCiLQw==",
      "peer": true,
      "dependencies": {
        "prosemirror-model": "^1.20.0",
        "prosemirror-state": "^1.0.0",
        "prosemirror-transform": "^1.1.0"
      }
    },
    "node_modules/psl": {
      "version": "1.9.0",
      "resolved": "https://registry.npmjs.org/psl/-/psl-1.9.0.tgz",
      "integrity": "sha512-E/ZsdU4HLs/68gYzgGTkMicWTLPdAftJLfJFlLUAAKZGkStNU72sZjT66SnMDVOfOWY/YAoiD7Jxa9iHvngcag=="
    },
    "node_modules/punycode": {
      "version": "2.3.1",
      "resolved": "https://registry.npmjs.org/punycode/-/punycode-2.3.1.tgz",
      "integrity": "sha512-vYt7UD1U9Wg6138shLtLOvdAu+8DsC/ilFtEVHcH+wydcSpNE20AfSOduf6MkRFahL5FY7X1oU7nKVZFtfq8Fg==",
      "engines": {
        "node": ">=6"
      }
    },
    "node_modules/punycode.js": {
      "version": "2.3.1",
      "resolved": "https://registry.npmjs.org/punycode.js/-/punycode.js-2.3.1.tgz",
      "integrity": "sha512-uxFIHU0YlHYhDQtV4R9J6a52SLx28BCjT+4ieh7IGbgwVJWO+km431c4yRlREUAsAmt/uMjQUyQHNEPf0M39CA==",
      "peer": true,
      "engines": {
        "node": ">=6"
      }
    },
    "node_modules/querystringify": {
      "version": "2.2.0",
      "resolved": "https://registry.npmjs.org/querystringify/-/querystringify-2.2.0.tgz",
      "integrity": "sha512-FIqgj2EUvTa7R50u0rGsyTftzjYmv/a3hO345bZNrqabNqjtgiDMgmo4mkUjd+nzU5oF3dClKqFIPUKybUyqoQ=="
    },
    "node_modules/requires-port": {
      "version": "1.0.0",
      "resolved": "https://registry.npmjs.org/requires-port/-/requires-port-1.0.0.tgz",
      "integrity": "sha512-KigOCHcocU3XODJxsu8i/j8T9tzT4adHiecwORRQ0ZZFcp7ahwXuRU1m+yuO90C5ZUyGeGfocHDI14M3L3yDAQ=="
    },
    "node_modules/rope-sequence": {
      "version": "1.3.4",
      "resolved": "https://registry.npmjs.org/rope-sequence/-/rope-sequence-1.3.4.tgz",
      "integrity": "sha512-UT5EDe2cu2E/6O4igUr5PSFs23nvvukicWHx6GnOPlHAiiYbzNuCRQCuiUdHJQcqKalLKlrYJnjY0ySGsXNQXQ==",
      "peer": true
    },
    "node_modules/rrweb-cssom": {
      "version": "0.7.1",
      "resolved": "https://registry.npmjs.org/rrweb-cssom/-/rrweb-cssom-0.7.1.tgz",
      "integrity": "sha512-TrEMa7JGdVm0UThDJSx7ddw5nVm3UJS9o9CCIZ72B1vSyEZoziDqBYP3XIoi/12lKrJR8rE3jeFHMok2F/Mnsg=="
    },
    "node_modules/safer-buffer": {
      "version": "2.1.2",
      "resolved": "https://registry.npmjs.org/safer-buffer/-/safer-buffer-2.1.2.tgz",
      "integrity": "sha512-YZo3K82SD7Riyi0E1EQPojLz7kpepnSQI9IyPbHHg1XXXevb5dJI7tpyN2ADxGcQbHG7vcyRHk0cbwqcQriUtg=="
    },
    "node_modules/saxes": {
      "version": "6.0.0",
      "resolved": "https://registry.npmjs.org/saxes/-/saxes-6.0.0.tgz",
      "integrity": "sha512-xAg7SOnEhrm5zI3puOOKyy1OMcMlIJZYNJY7xLBwSze0UjhPLnWfj2GF2EpT0jmzaJKIWKHLsaSSajf35bcYnA==",
      "dependencies": {
        "xmlchars": "^2.2.0"
      },
      "engines": {
        "node": ">=v12.22.7"
      }
    },
    "node_modules/strnum": {
      "version": "1.0.5",
      "resolved": "https://registry.npmjs.org/strnum/-/strnum-1.0.5.tgz",
      "integrity": "sha512-J8bbNyKKXl5qYcR36TIO8W3mVGVHrmmxsd5PAItGkmyzwJvybiw2IVq5nqd0i4LSNSkB/sx9VHllbfFdr9k1JA=="
    },
    "node_modules/symbol-tree": {
      "version": "3.2.4",
      "resolved": "https://registry.npmjs.org/symbol-tree/-/symbol-tree-3.2.4.tgz",
      "integrity": "sha512-9QNk5KwDF+Bvz+PyObkmSYjI5ksVUYtjW7AU22r2NKcfLJcXp96hkDWU3+XndOsUb+AQ9QhfzfCT2O+CNWT5Tw=="
    },
    "node_modules/tough-cookie": {
      "version": "4.1.4",
      "resolved": "https://registry.npmjs.org/tough-cookie/-/tough-cookie-4.1.4.tgz",
      "integrity": "sha512-Loo5UUvLD9ScZ6jh8beX1T6sO1w2/MpCRpEP7V280GKMVUQ0Jzar2U3UJPsrdbziLEMMhu3Ujnq//rhiFuIeag==",
      "dependencies": {
        "psl": "^1.1.33",
        "punycode": "^2.1.1",
        "universalify": "^0.2.0",
        "url-parse": "^1.5.3"
      },
      "engines": {
        "node": ">=6"
      }
    },
    "node_modules/tr46": {
      "version": "5.0.0",
      "resolved": "https://registry.npmjs.org/tr46/-/tr46-5.0.0.tgz",
      "integrity": "sha512-tk2G5R2KRwBd+ZN0zaEXpmzdKyOYksXwywulIX95MBODjSzMIuQnQ3m8JxgbhnL1LeVo7lqQKsYa1O3Htl7K5g==",
      "dependencies": {
        "punycode": "^2.3.1"
      },
      "engines": {
        "node": ">=18"
      }
    },
    "node_modules/uc.micro": {
      "version": "2.1.0",
      "resolved": "https://registry.npmjs.org/uc.micro/-/uc.micro-2.1.0.tgz",
      "integrity": "sha512-ARDJmphmdvUk6Glw7y9DQ2bFkKBHwQHLi2lsaH6PPmz/Ka9sFOBsBluozhDltWmnv9u/cF6Rt87znRTPV+yp/A==",
      "peer": true
    },
    "node_modules/universalify": {
      "version": "0.2.0",
      "resolved": "https://registry.npmjs.org/universalify/-/universalify-0.2.0.tgz",
      "integrity": "sha512-CJ1QgKmNg3CwvAv/kOFmtnEN05f0D/cn9QntgNOQlQF9dgvVTHj3t+8JPdjqawCHk7V/KA+fbUqzZ9XWhcqPUg==",
      "engines": {
        "node": ">= 4.0.0"
      }
    },
    "node_modules/url-parse": {
      "version": "1.5.10",
      "resolved": "https://registry.npmjs.org/url-parse/-/url-parse-1.5.10.tgz",
      "integrity": "sha512-WypcfiRhfeUP9vvF0j6rw0J3hrWrw6iZv3+22h6iRMJ/8z1Tj6XfLP4DsUix5MhMPnXpiHDoKyoZ/bdCkwBCiQ==",
      "dependencies": {
        "querystringify": "^2.1.1",
        "requires-port": "^1.0.0"
      }
    },
    "node_modules/w3c-keyname": {
      "version": "2.2.8",
      "resolved": "https://registry.npmjs.org/w3c-keyname/-/w3c-keyname-2.2.8.tgz",
      "integrity": "sha512-dpojBhNsCNN7T82Tm7k26A6G9ML3NkhDsnw9n/eoxSRlVBB4CEtIQ/KTCLI2Fwf3ataSXRhYFkQi3SlnFwPvPQ==",
      "peer": true
    },
    "node_modules/w3c-xmlserializer": {
      "version": "5.0.0",
      "resolved": "https://registry.npmjs.org/w3c-xmlserializer/-/w3c-xmlserializer-5.0.0.tgz",
      "integrity": "sha512-o8qghlI8NZHU1lLPrpi2+Uq7abh4GGPpYANlalzWxyWteJOCsr/P+oPBA49TOLu5FTZO4d3F9MnWJfiMo4BkmA==",
      "dependencies": {
        "xml-name-validator": "^5.0.0"
      },
      "engines": {
        "node": ">=18"
      }
    },
    "node_modules/webidl-conversions": {
      "version": "7.0.0",
      "resolved": "https://registry.npmjs.org/webidl-conversions/-/webidl-conversions-7.0.0.tgz",
      "integrity": "sha512-VwddBukDzu71offAQR975unBIGqfKZpM+8ZX6ySk8nYhVoo5CYaZyzt3YBvYtRtO+aoGlqxPg/B87NGVZ/fu6g==",
      "engines": {
        "node": ">=12"
      }
    },
    "node_modules/whatwg-encoding": {
      "version": "3.1.1",
      "resolved": "https://registry.npmjs.org/whatwg-encoding/-/whatwg-encoding-3.1.1.tgz",
      "integrity": "sha512-6qN4hJdMwfYBtE3YBTTHhoeuUrDBPZmbQaxWAqSALV/MeEnR5z1xd8UKud2RAkFoPkmB+hli1TZSnyi84xz1vQ==",
      "dependencies": {
        "iconv-lite": "0.6.3"
      },
      "engines": {
        "node": ">=18"
      }
    },
    "node_modules/whatwg-mimetype": {
      "version": "4.0.0",
      "resolved": "https://registry.npmjs.org/whatwg-mimetype/-/whatwg-mimetype-4.0.0.tgz",
      "integrity": "sha512-QaKxh0eNIi2mE9p2vEdzfagOKHCcj1pJ56EEHGQOVxp8r9/iszLUUV7v89x9O1p/T+NlTM5W7jW6+cz4Fq1YVg==",
      "engines": {
        "node": ">=18"
      }
    },
    "node_modules/whatwg-url": {
      "version": "14.0.0",
      "resolved": "https://registry.npmjs.org/whatwg-url/-/whatwg-url-14.0.0.tgz",
      "integrity": "sha512-1lfMEm2IEr7RIV+f4lUNPOqfFL+pO+Xw3fJSqmjX9AbXcXcYOkCe1P6+9VBZB6n94af16NfZf+sSk0JCBZC9aw==",
      "dependencies": {
        "tr46": "^5.0.0",
        "webidl-conversions": "^7.0.0"
      },
      "engines": {
        "node": ">=18"
      }
    },
    "node_modules/ws": {
      "version": "8.17.1",
      "resolved": "https://registry.npmjs.org/ws/-/ws-8.17.1.tgz",
      "integrity": "sha512-6XQFvXTkbfUOZOKKILFG1PDK2NDQs4azKQl26T0YS5CxqWLgXajbPZ+h4gZekJyRqFU8pvnbAbbs/3TgRPy+GQ==",
      "engines": {
        "node": ">=10.0.0"
      },
      "peerDependencies": {
        "bufferutil": "^4.0.1",
        "utf-8-validate": ">=5.0.2"
      },
      "peerDependenciesMeta": {
        "bufferutil": {
          "optional": true
        },
        "utf-8-validate": {
          "optional": true
        }
      }
    },
    "node_modules/xml-name-validator": {
      "version": "5.0.0",
      "resolved": "https://registry.npmjs.org/xml-name-validator/-/xml-name-validator-5.0.0.tgz",
      "integrity": "sha512-EvGK8EJ3DhaHfbRlETOWAS5pO9MZITeauHKJyb8wyajUfQUenkIg2MvLDTZ4T/TgIcm3HU0TFBgWWboAZ30UHg==",
      "engines": {
        "node": ">=18"
      }
    },
    "node_modules/xmlchars": {
      "version": "2.2.0",
      "resolved": "https://registry.npmjs.org/xmlchars/-/xmlchars-2.2.0.tgz",
      "integrity": "sha512-JZnDKK8B0RCDw84FNdDAIpZK+JuJw+s7Lz8nksI7SIuU3UXJJslUthsi+uWBUYOwPFwW7W7PRLRfUKpxjtjFCw=="
    },
    "node_modules/zeed-dom": {
      "version": "0.10.11",
      "resolved": "https://registry.npmjs.org/zeed-dom/-/zeed-dom-0.10.11.tgz",
      "integrity": "sha512-7ukbu6aQKx34OQ7PfUIxOuAhk2MvyZY/t4/IJsVzy76zuMzfhE74+Dbyp8SHiUJPTPkF0FflP1KVrGJ7gk9IHw==",
      "dependencies": {
        "css-what": "^6.1.0"
      },
      "engines": {
        "node": ">=14.13.1"
      },
      "funding": {
        "type": "GitHub Sponsors ❤",
        "url": "https://github.com/sponsors/holtwick"
      }
    }
  }
}
